{
  "requires": true,
  "lockfileVersion": 1,
  "dependencies": {
    "@angular/animations": {
      "version": "5.2.4",
      "resolved": "https://registry.npmjs.org/@angular/animations/-/animations-5.2.4.tgz",
      "integrity": "sha512-kLOUORV/2GdYsNSwmUsB3eEL+nAoBZYKgibYLkVy6oecrIbdFMWiNzLcFjX/avcMnb1UNMk24Hd7Of4C2UawPA==",
      "requires": {
        "tslib": "1.9.0"
      }
    },
    "@angular/cdk": {
      "version": "5.2.0",
      "resolved": "https://registry.npmjs.org/@angular/cdk/-/cdk-5.2.0.tgz",
      "integrity": "sha1-Q2j2dJ6RXNzHXTJa4z/bP4WogQg=",
      "requires": {
        "tslib": "1.9.0"
      }
    },
    "@angular/material": {
      "version": "5.2.0",
      "resolved": "https://registry.npmjs.org/@angular/material/-/material-5.2.0.tgz",
      "integrity": "sha1-hZnjFJ1ISH4+kulB+p3FUXbjoM8=",
      "requires": {
        "tslib": "1.9.0"
      }
    },
    "tslib": {
      "version": "1.9.0",
      "resolved": "https://registry.npmjs.org/tslib/-/tslib-1.9.0.tgz",
      "integrity": "sha512-f/qGG2tUkrISBlQZEjEqoZ3B2+npJjIf04H1wuAv9iA8i04Icp+61KRXxFdha22670NJopsZCIjhC3SnjPRKrQ=="
    }
  }
}
